
Microsoft Visual Studio Solution File, Format Version 12.00
# Visual Studio Version 17
VisualStudioVersion = 17.11.35303.130
MinimumVisualStudioVersion = 10.0.40219.1
Project("{FAE04EC0-301F-11D3-BF4B-00C04F79EFBC}") = "Lab_6", "BIVT_2024_Lab_6\Lab_6.csproj", "{75365086-71EF-4D4C-987A-8FFA1B673BB1}"
EndProject
Global
	GlobalSection(SolutionConfigurationPlatforms) = preSolution
		Debug|Any CPU = Debug|Any CPU
		Release|Any CPU = Release|Any CPU
	EndGlobalSection
	GlobalSection(ProjectConfigurationPlatforms) = postSolution
		{75365086-71EF-4D4C-987A-8FFA1B673BB1}.Debug|Any CPU.ActiveCfg = Debug|Any CPU
		{75365086-71EF-4D4C-987A-8FFA1B673BB1}.Debug|Any CPU.Build.0 = Debug|Any CPU
		{75365086-71EF-4D4C-987A-8FFA1B673BB1}.Release|Any CPU.ActiveCfg = Release|Any CPU
		{75365086-71EF-4D4C-987A-8FFA1B673BB1}.Release|Any CPU.Build.0 = Release|Any CPU
	EndGlobalSection
	GlobalSection(SolutionProperties) = preSolution
		HideSolutionNode = FALSE
	EndGlobalSection
	GlobalSection(ExtensibilityGlobals) = postSolution
		SolutionGuid = {FE597AEC-6CD7-46BC-9BFB-C1AD01B7E7B9}
	EndGlobalSection
EndGlobal
